
Microsoft Visual Studio Solution File, Format Version 12.00
Project("{FAE04EC0-301F-11D3-BF4B-00C04F79EFBC}") = "Wordle", "Wordle\Wordle.csproj", "{42969F68-E4A2-468B-A5C4-893B8E1ACDB9}"
EndProject
Global
	GlobalSection(SolutionConfigurationPlatforms) = preSolution
		Debug|Any CPU = Debug|Any CPU
		Release|Any CPU = Release|Any CPU
	EndGlobalSection
	GlobalSection(ProjectConfigurationPlatforms) = postSolution
		{42969F68-E4A2-468B-A5C4-893B8E1ACDB9}.Debug|Any CPU.ActiveCfg = Debug|Any CPU
		{42969F68-E4A2-468B-A5C4-893B8E1ACDB9}.Debug|Any CPU.Build.0 = Debug|Any CPU
		{42969F68-E4A2-468B-A5C4-893B8E1ACDB9}.Release|Any CPU.ActiveCfg = Release|Any CPU
		{42969F68-E4A2-468B-A5C4-893B8E1ACDB9}.Release|Any CPU.Build.0 = Release|Any CPU
	EndGlobalSection
EndGlobal
